
Microsoft Visual Studio Solution File, Format Version 12.00
# Visual Studio Version 17
VisualStudioVersion = 17.0.31903.59
MinimumVisualStudioVersion = 10.0.40219.1
Project("{FAE04EC0-301F-11D3-BF4B-00C04F79EFBC}") = "Clutch.Core", "Clutch.Core\Clutch.Core.csproj", "{38128A3B-4ACB-46A9-B763-B43A0B89D15F}"
EndProject
Project("{FAE04EC0-301F-11D3-BF4B-00C04F79EFBC}") = "Clutch.Server", "Clutch.Server\Clutch.Server.csproj", "{19CBCDFB-B32A-4446-A974-B6A41D09D903}"
EndProject
Project("{FAE04EC0-301F-11D3-BF4B-00C04F79EFBC}") = "Test.Shared", "Test.Shared\Test.Shared.csproj", "{952E9FF9-F6DB-4C98-9C98-60A37C09877D}"
EndProject
Project("{FAE04EC0-301F-11D3-BF4B-00C04F79EFBC}") = "Test.Automated", "Test.Automated\Test.Automated.csproj", "{AA45B0F8-6DA5-41B2-B428-24716975C515}"
EndProject
Project("{FAE04EC0-301F-11D3-BF4B-00C04F79EFBC}") = "Test.Xunit", "Test.Xunit\Test.Xunit.csproj", "{BCF467A0-22A1-43D0-80AC-2A190755C4D8}"
EndProject
Project("{FAE04EC0-301F-11D3-BF4B-00C04F79EFBC}") = "Test.Nunit", "Test.Nunit\Test.Nunit.csproj", "{CC660672-A4AC-4688-A59E-2EC71E7DCD15}"
EndProject
Project("{FAE04EC0-301F-11D3-BF4B-00C04F79EFBC}") = "Test.Throughput", "Test.Throughput\Test.Throughput.csproj", "{FFF36C6F-7241-416E-8B14-0C704D3C670E}"
EndProject
Project("{FAE04EC0-301F-11D3-BF4B-00C04F79EFBC}") = "Clutch.DataLoader", "Clutch.DataLoader\Clutch.DataLoader.csproj", "{27CE3E56-F174-4FE1-BF80-E71F34C44D28}"
EndProject
Global
	GlobalSection(SolutionConfigurationPlatforms) = preSolution
		Debug|Any CPU = Debug|Any CPU
		Debug|x64 = Debug|x64
		Debug|x86 = Debug|x86
		Release|Any CPU = Release|Any CPU
		Release|x64 = Release|x64
		Release|x86 = Release|x86
	EndGlobalSection
	GlobalSection(ProjectConfigurationPlatforms) = postSolution
		{38128A3B-4ACB-46A9-B763-B43A0B89D15F}.Debug|Any CPU.ActiveCfg = Debug|Any CPU
		{38128A3B-4ACB-46A9-B763-B43A0B89D15F}.Debug|Any CPU.Build.0 = Debug|Any CPU
		{38128A3B-4ACB-46A9-B763-B43A0B89D15F}.Debug|x64.ActiveCfg = Debug|Any CPU
		{38128A3B-4ACB-46A9-B763-B43A0B89D15F}.Debug|x64.Build.0 = Debug|Any CPU
		{38128A3B-4ACB-46A9-B763-B43A0B89D15F}.Debug|x86.ActiveCfg = Debug|Any CPU
		{38128A3B-4ACB-46A9-B763-B43A0B89D15F}.Debug|x86.Build.0 = Debug|Any CPU
		{38128A3B-4ACB-46A9-B763-B43A0B89D15F}.Release|Any CPU.ActiveCfg = Release|Any CPU
		{38128A3B-4ACB-46A9-B763-B43A0B89D15F}.Release|Any CPU.Build.0 = Release|Any CPU
		{38128A3B-4ACB-46A9-B763-B43A0B89D15F}.Release|x64.ActiveCfg = Release|Any CPU
		{38128A3B-4ACB-46A9-B763-B43A0B89D15F}.Release|x64.Build.0 = Release|Any CPU
		{38128A3B-4ACB-46A9-B763-B43A0B89D15F}.Release|x86.ActiveCfg = Release|Any CPU
		{38128A3B-4ACB-46A9-B763-B43A0B89D15F}.Release|x86.Build.0 = Release|Any CPU
		{19CBCDFB-B32A-4446-A974-B6A41D09D903}.Debug|Any CPU.ActiveCfg = Debug|Any CPU
		{19CBCDFB-B32A-4446-A974-B6A41D09D903}.Debug|Any CPU.Build.0 = Debug|Any CPU
		{19CBCDFB-B32A-4446-A974-B6A41D09D903}.Debug|x64.ActiveCfg = Debug|Any CPU
		{19CBCDFB-B32A-4446-A974-B6A41D09D903}.Debug|x64.Build.0 = Debug|Any CPU
		{19CBCDFB-B32A-4446-A974-B6A41D09D903}.Debug|x86.ActiveCfg = Debug|Any CPU
		{19CBCDFB-B32A-4446-A974-B6A41D09D903}.Debug|x86.Build.0 = Debug|Any CPU
		{19CBCDFB-B32A-4446-A974-B6A41D09D903}.Release|Any CPU.ActiveCfg = Release|Any CPU
		{19CBCDFB-B32A-4446-A974-B6A41D09D903}.Release|Any CPU.Build.0 = Release|Any CPU
		{19CBCDFB-B32A-4446-A974-B6A41D09D903}.Release|x64.ActiveCfg = Release|Any CPU
		{19CBCDFB-B32A-4446-A974-B6A41D09D903}.Release|x64.Build.0 = Release|Any CPU
		{19CBCDFB-B32A-4446-A974-B6A41D09D903}.Release|x86.ActiveCfg = Release|Any CPU
		{19CBCDFB-B32A-4446-A974-B6A41D09D903}.Release|x86.Build.0 = Release|Any CPU
		{952E9FF9-F6DB-4C98-9C98-60A37C09877D}.Debug|Any CPU.ActiveCfg = Debug|Any CPU
		{952E9FF9-F6DB-4C98-9C98-60A37C09877D}.Debug|Any CPU.Build.0 = Debug|Any CPU
		{952E9FF9-F6DB-4C98-9C98-60A37C09877D}.Debug|x64.ActiveCfg = Debug|Any CPU
		{952E9FF9-F6DB-4C98-9C98-60A37C09877D}.Debug|x64.Build.0 = Debug|Any CPU
		{952E9FF9-F6DB-4C98-9C98-60A37C09877D}.Debug|x86.ActiveCfg = Debug|Any CPU
		{952E9FF9-F6DB-4C98-9C98-60A37C09877D}.Debug|x86.Build.0 = Debug|Any CPU
		{952E9FF9-F6DB-4C98-9C98-60A37C09877D}.Release|Any CPU.ActiveCfg = Release|Any CPU
		{952E9FF9-F6DB-4C98-9C98-60A37C09877D}.Release|Any CPU.Build.0 = Release|Any CPU
		{952E9FF9-F6DB-4C98-9C98-60A37C09877D}.Release|x64.ActiveCfg = Release|Any CPU
		{952E9FF9-F6DB-4C98-9C98-60A37C09877D}.Release|x64.Build.0 = Release|Any CPU
		{952E9FF9-F6DB-4C98-9C98-60A37C09877D}.Release|x86.ActiveCfg = Release|Any CPU
		{952E9FF9-F6DB-4C98-9C98-60A37C09877D}.Release|x86.Build.0 = Release|Any CPU
		{AA45B0F8-6DA5-41B2-B428-24716975C515}.Debug|Any CPU.ActiveCfg = Debug|Any CPU
		{AA45B0F8-6DA5-41B2-B428-24716975C515}.Debug|Any CPU.Build.0 = Debug|Any CPU
		{AA45B0F8-6DA5-41B2-B428-24716975C515}.Debug|x64.ActiveCfg = Debug|Any CPU
		{AA45B0F8-6DA5-41B2-B428-24716975C515}.Debug|x64.Build.0 = Debug|Any CPU
		{AA45B0F8-6DA5-41B2-B428-24716975C515}.Debug|x86.ActiveCfg = Debug|Any CPU
		{AA45B0F8-6DA5-41B2-B428-24716975C515}.Debug|x86.Build.0 = Debug|Any CPU
		{AA45B0F8-6DA5-41B2-B428-24716975C515}.Release|Any CPU.ActiveCfg = Release|Any CPU
		{AA45B0F8-6DA5-41B2-B428-24716975C515}.Release|Any CPU.Build.0 = Release|Any CPU
		{AA45B0F8-6DA5-41B2-B428-24716975C515}.Release|x64.ActiveCfg = Release|Any CPU
		{AA45B0F8-6DA5-41B2-B428-24716975C515}.Release|x64.Build.0 = Release|Any CPU
		{AA45B0F8-6DA5-41B2-B428-24716975C515}.Release|x86.ActiveCfg = Release|Any CPU
		{AA45B0F8-6DA5-41B2-B428-24716975C515}.Release|x86.Build.0 = Release|Any CPU
		{BCF467A0-22A1-43D0-80AC-2A190755C4D8}.Debug|Any CPU.ActiveCfg = Debug|Any CPU
		{BCF467A0-22A1-43D0-80AC-2A190755C4D8}.Debug|Any CPU.Build.0 = Debug|Any CPU
		{BCF467A0-22A1-43D0-80AC-2A190755C4D8}.Debug|x64.ActiveCfg = Debug|Any CPU
		{BCF467A0-22A1-43D0-80AC-2A190755C4D8}.Debug|x64.Build.0 = Debug|Any CPU
		{BCF467A0-22A1-43D0-80AC-2A190755C4D8}.Debug|x86.ActiveCfg = Debug|Any CPU
		{BCF467A0-22A1-43D0-80AC-2A190755C4D8}.Debug|x86.Build.0 = Debug|Any CPU
		{BCF467A0-22A1-43D0-80AC-2A190755C4D8}.Release|Any CPU.ActiveCfg = Release|Any CPU
		{BCF467A0-22A1-43D0-80AC-2A190755C4D8}.Release|Any CPU.Build.0 = Release|Any CPU
		{BCF467A0-22A1-43D0-80AC-2A190755C4D8}.Release|x64.ActiveCfg = Release|Any CPU
		{BCF467A0-22A1-43D0-80AC-2A190755C4D8}.Release|x64.Build.0 = Release|Any CPU
		{BCF467A0-22A1-43D0-80AC-2A190755C4D8}.Release|x86.ActiveCfg = Release|Any CPU
		{BCF467A0-22A1-43D0-80AC-2A190755C4D8}.Release|x86.Build.0 = Release|Any CPU
		{CC660672-A4AC-4688-A59E-2EC71E7DCD15}.Debug|Any CPU.ActiveCfg = Debug|Any CPU
		{CC660672-A4AC-4688-A59E-2EC71E7DCD15}.Debug|Any CPU.Build.0 = Debug|Any CPU
		{CC660672-A4AC-4688-A59E-2EC71E7DCD15}.Debug|x64.ActiveCfg = Debug|Any CPU
		{CC660672-A4AC-4688-A59E-2EC71E7DCD15}.Debug|x64.Build.0 = Debug|Any CPU
		{CC660672-A4AC-4688-A59E-2EC71E7DCD15}.Debug|x86.ActiveCfg = Debug|Any CPU
		{CC660672-A4AC-4688-A59E-2EC71E7DCD15}.Debug|x86.Build.0 = Debug|Any CPU
		{CC660672-A4AC-4688-A59E-2EC71E7DCD15}.Release|Any CPU.ActiveCfg = Release|Any CPU
		{CC660672-A4AC-4688-A59E-2EC71E7DCD15}.Release|Any CPU.Build.0 = Release|Any CPU
		{CC660672-A4AC-4688-A59E-2EC71E7DCD15}.Release|x64.ActiveCfg = Release|Any CPU
		{CC660672-A4AC-4688-A59E-2EC71E7DCD15}.Release|x64.Build.0 = Release|Any CPU
		{CC660672-A4AC-4688-A59E-2EC71E7DCD15}.Release|x86.ActiveCfg = Release|Any CPU
		{CC660672-A4AC-4688-A59E-2EC71E7DCD15}.Release|x86.Build.0 = Release|Any CPU
		{FFF36C6F-7241-416E-8B14-0C704D3C670E}.Debug|Any CPU.ActiveCfg = Debug|Any CPU
		{FFF36C6F-7241-416E-8B14-0C704D3C670E}.Debug|Any CPU.Build.0 = Debug|Any CPU
		{FFF36C6F-7241-416E-8B14-0C704D3C670E}.Debug|x64.ActiveCfg = Debug|Any CPU
		{FFF36C6F-7241-416E-8B14-0C704D3C670E}.Debug|x64.Build.0 = Debug|Any CPU
		{FFF36C6F-7241-416E-8B14-0C704D3C670E}.Debug|x86.ActiveCfg = Debug|Any CPU
		{FFF36C6F-7241-416E-8B14-0C704D3C670E}.Debug|x86.Build.0 = Debug|Any CPU
		{FFF36C6F-7241-416E-8B14-0C704D3C670E}.Release|Any CPU.ActiveCfg = Release|Any CPU
		{FFF36C6F-7241-416E-8B14-0C704D3C670E}.Release|Any CPU.Build.0 = Release|Any CPU
		{FFF36C6F-7241-416E-8B14-0C704D3C670E}.Release|x64.ActiveCfg = Release|Any CPU
		{FFF36C6F-7241-416E-8B14-0C704D3C670E}.Release|x64.Build.0 = Release|Any CPU
		{FFF36C6F-7241-416E-8B14-0C704D3C670E}.Release|x86.ActiveCfg = Release|Any CPU
		{FFF36C6F-7241-416E-8B14-0C704D3C670E}.Release|x86.Build.0 = Release|Any CPU
		{27CE3E56-F174-4FE1-BF80-E71F34C44D28}.Debug|Any CPU.ActiveCfg = Debug|Any CPU
		{27CE3E56-F174-4FE1-BF80-E71F34C44D28}.Debug|Any CPU.Build.0 = Debug|Any CPU
		{27CE3E56-F174-4FE1-BF80-E71F34C44D28}.Debug|x64.ActiveCfg = Debug|Any CPU
		{27CE3E56-F174-4FE1-BF80-E71F34C44D28}.Debug|x64.Build.0 = Debug|Any CPU
		{27CE3E56-F174-4FE1-BF80-E71F34C44D28}.Debug|x86.ActiveCfg = Debug|Any CPU
		{27CE3E56-F174-4FE1-BF80-E71F34C44D28}.Debug|x86.Build.0 = Debug|Any CPU
		{27CE3E56-F174-4FE1-BF80-E71F34C44D28}.Release|Any CPU.ActiveCfg = Release|Any CPU
		{27CE3E56-F174-4FE1-BF80-E71F34C44D28}.Release|Any CPU.Build.0 = Release|Any CPU
		{27CE3E56-F174-4FE1-BF80-E71F34C44D28}.Release|x64.ActiveCfg = Release|Any CPU
		{27CE3E56-F174-4FE1-BF80-E71F34C44D28}.Release|x64.Build.0 = Release|Any CPU
		{27CE3E56-F174-4FE1-BF80-E71F34C44D28}.Release|x86.ActiveCfg = Release|Any CPU
		{27CE3E56-F174-4FE1-BF80-E71F34C44D28}.Release|x86.Build.0 = Release|Any CPU
	EndGlobalSection
	GlobalSection(SolutionProperties) = preSolution
		HideSolutionNode = FALSE
	EndGlobalSection
EndGlobal
